
Microsoft Visual Studio Solution File, Format Version 11.00
# Visual Studio 2010
Project("{FAE04EC0-301F-11D3-BF4B-00C04F79EFBC}") = "Dragon 3D0001", "Assembly-CSharp-firstpass.csproj", "{10EFFF6A-DA7D-7A8D-E482-DE00306DB17A}"
EndProject
Project("{FAE04EC0-301F-11D3-BF4B-00C04F79EFBC}") = "Dragon 3D0001", "Assembly-CSharp.csproj", "{93345F8E-9B49-5F1F-48F6-D0A282BBD374}"
EndProject
Project("{FAE04EC0-301F-11D3-BF4B-00C04F79EFBC}") = "Dragon 3D0001", "Assembly-CSharp-Editor-firstpass.csproj", "{3C8FEFF5-F032-ECFD-991F-845EB8D3F53A}"
EndProject
Global
	GlobalSection(SolutionConfigurationPlatforms) = preSolution
		Debug|Any CPU = Debug|Any CPU
		Release|Any CPU = Release|Any CPU
	EndGlobalSection
	GlobalSection(ProjectConfigurationPlatforms) = postSolution
		{10EFFF6A-DA7D-7A8D-E482-DE00306DB17A}.Debug|Any CPU.ActiveCfg = Debug|Any CPU
		{10EFFF6A-DA7D-7A8D-E482-DE00306DB17A}.Debug|Any CPU.Build.0 = Debug|Any CPU
		{10EFFF6A-DA7D-7A8D-E482-DE00306DB17A}.Release|Any CPU.ActiveCfg = Release|Any CPU
		{10EFFF6A-DA7D-7A8D-E482-DE00306DB17A}.Release|Any CPU.Build.0 = Release|Any CPU
		{93345F8E-9B49-5F1F-48F6-D0A282BBD374}.Debug|Any CPU.ActiveCfg = Debug|Any CPU
		{93345F8E-9B49-5F1F-48F6-D0A282BBD374}.Debug|Any CPU.Build.0 = Debug|Any CPU
		{93345F8E-9B49-5F1F-48F6-D0A282BBD374}.Release|Any CPU.ActiveCfg = Release|Any CPU
		{93345F8E-9B49-5F1F-48F6-D0A282BBD374}.Release|Any CPU.Build.0 = Release|Any CPU
		{3C8FEFF5-F032-ECFD-991F-845EB8D3F53A}.Debug|Any CPU.ActiveCfg = Debug|Any CPU
		{3C8FEFF5-F032-ECFD-991F-845EB8D3F53A}.Debug|Any CPU.Build.0 = Debug|Any CPU
		{3C8FEFF5-F032-ECFD-991F-845EB8D3F53A}.Release|Any CPU.ActiveCfg = Release|Any CPU
		{3C8FEFF5-F032-ECFD-991F-845EB8D3F53A}.Release|Any CPU.Build.0 = Release|Any CPU
	EndGlobalSection
	GlobalSection(SolutionProperties) = preSolution
		HideSolutionNode = FALSE
	EndGlobalSection
	GlobalSection(MonoDevelopProperties) = preSolution
		StartupItem = Assembly-CSharp.csproj
	EndGlobalSection
EndGlobal
